
Microsoft Visual Studio Solution File, Format Version 12.00
# Visual Studio Version 17
VisualStudioVersion = 17.10.35122.118
MinimumVisualStudioVersion = 10.0.40219.1
Project("{9A19103F-16F7-4668-BE54-9A1E7A4F7556}") = "piedra papel tijera", "piedra papel tijera.csproj", "{DE1471E7-C9AE-4ED7-B7D0-F1D7B2747B49}"
EndProject
Global
	GlobalSection(SolutionConfigurationPlatforms) = preSolution
		Debug|Any CPU = Debug|Any CPU
		Release|Any CPU = Release|Any CPU
	EndGlobalSection
	GlobalSection(ProjectConfigurationPlatforms) = postSolution
		{DE1471E7-C9AE-4ED7-B7D0-F1D7B2747B49}.Debug|Any CPU.ActiveCfg = Debug|Any CPU
		{DE1471E7-C9AE-4ED7-B7D0-F1D7B2747B49}.Debug|Any CPU.Build.0 = Debug|Any CPU
		{DE1471E7-C9AE-4ED7-B7D0-F1D7B2747B49}.Release|Any CPU.ActiveCfg = Release|Any CPU
		{DE1471E7-C9AE-4ED7-B7D0-F1D7B2747B49}.Release|Any CPU.Build.0 = Release|Any CPU
	EndGlobalSection
	GlobalSection(SolutionProperties) = preSolution
		HideSolutionNode = FALSE
	EndGlobalSection
	GlobalSection(ExtensibilityGlobals) = postSolution
		SolutionGuid = {8CB6C1CF-D12C-4FB1-9DEA-E72BB2F081BC}
	EndGlobalSection
EndGlobal
